
Microsoft Visual Studio Solution File, Format Version 12.00
# Visual Studio Version 17
VisualStudioVersion = 17.8.34525.116
MinimumVisualStudioVersion = 10.0.40219.1
Project("{FAE04EC0-301F-11D3-BF4B-00C04F79EFBC}") = "ConsoleApp", "ConsoleApp\ConsoleApp.csproj", "{49BD73C3-A962-4774-9813-7AC31CE4867E}"
EndProject
Global
	GlobalSection(SolutionConfigurationPlatforms) = preSolution
		Debug|Any CPU = Debug|Any CPU
		Release|Any CPU = Release|Any CPU
	EndGlobalSection
	GlobalSection(ProjectConfigurationPlatforms) = postSolution
		{49BD73C3-A962-4774-9813-7AC31CE4867E}.Debug|Any CPU.ActiveCfg = Debug|Any CPU
		{49BD73C3-A962-4774-9813-7AC31CE4867E}.Debug|Any CPU.Build.0 = Debug|Any CPU
		{49BD73C3-A962-4774-9813-7AC31CE4867E}.Release|Any CPU.ActiveCfg = Release|Any CPU
		{49BD73C3-A962-4774-9813-7AC31CE4867E}.Release|Any CPU.Build.0 = Release|Any CPU
	EndGlobalSection
	GlobalSection(SolutionProperties) = preSolution
		HideSolutionNode = FALSE
	EndGlobalSection
	GlobalSection(ExtensibilityGlobals) = postSolution
		SolutionGuid = {3FB5D5FA-1255-4E99-9AE7-E2292C8AF23D}
	EndGlobalSection
EndGlobal
